
Microsoft Visual Studio Solution File, Format Version 12.00
# Visual Studio Version 16
VisualStudioVersion = 16.0.35130.168
MinimumVisualStudioVersion = 10.0.40219.1
Project("{FAE04EC0-301F-11D3-BF4B-00C04F79EFBC}") = "ej 5", "ej 5\ej 5.csproj", "{7BE8EE78-8886-4546-80DC-0C53B2B3C2DA}"
EndProject
Global
	GlobalSection(SolutionConfigurationPlatforms) = preSolution
		Debug|Any CPU = Debug|Any CPU
		Release|Any CPU = Release|Any CPU
	EndGlobalSection
	GlobalSection(ProjectConfigurationPlatforms) = postSolution
		{7BE8EE78-8886-4546-80DC-0C53B2B3C2DA}.Debug|Any CPU.ActiveCfg = Debug|Any CPU
		{7BE8EE78-8886-4546-80DC-0C53B2B3C2DA}.Debug|Any CPU.Build.0 = Debug|Any CPU
		{7BE8EE78-8886-4546-80DC-0C53B2B3C2DA}.Release|Any CPU.ActiveCfg = Release|Any CPU
		{7BE8EE78-8886-4546-80DC-0C53B2B3C2DA}.Release|Any CPU.Build.0 = Release|Any CPU
	EndGlobalSection
	GlobalSection(SolutionProperties) = preSolution
		HideSolutionNode = FALSE
	EndGlobalSection
	GlobalSection(ExtensibilityGlobals) = postSolution
		SolutionGuid = {79BD6F3C-422F-4504-93E1-5E1D3845AD77}
	EndGlobalSection
EndGlobal
